
Microsoft Visual Studio Solution File, Format Version 12.00
# Visual Studio Version 16
VisualStudioVersion = 16.0.37206.5
MinimumVisualStudioVersion = 10.0.40219.1
Project("{FAE04EC0-301F-11D3-BF4B-00C04F79EFBC}") = "Casting_types", "Casting_types\Casting_types.csproj", "{D305DFD9-23E7-4DB0-95BF-2A7336A53757}"
EndProject
Global
	GlobalSection(SolutionConfigurationPlatforms) = preSolution
		Debug|Any CPU = Debug|Any CPU
		Release|Any CPU = Release|Any CPU
	EndGlobalSection
	GlobalSection(ProjectConfigurationPlatforms) = postSolution
		{D305DFD9-23E7-4DB0-95BF-2A7336A53757}.Debug|Any CPU.ActiveCfg = Debug|Any CPU
		{D305DFD9-23E7-4DB0-95BF-2A7336A53757}.Debug|Any CPU.Build.0 = Debug|Any CPU
		{D305DFD9-23E7-4DB0-95BF-2A7336A53757}.Release|Any CPU.ActiveCfg = Release|Any CPU
		{D305DFD9-23E7-4DB0-95BF-2A7336A53757}.Release|Any CPU.Build.0 = Release|Any CPU
	EndGlobalSection
	GlobalSection(SolutionProperties) = preSolution
		HideSolutionNode = FALSE
	EndGlobalSection
	GlobalSection(ExtensibilityGlobals) = postSolution
		SolutionGuid = {9073CC6A-A88C-42AB-A039-F41A3DABDF6C}
	EndGlobalSection
EndGlobal
